// !$*UTF8*$!
{
	archiveVersion = 1;
	classes = {
	};
	objectVersion = 50;
	objects = {

/* Begin PBXBuildFile section */
		3B0C523021DF2F1B00A758F3 /* AppDelegate.swift in Sources */ = {isa = PBXBuildFile; fileRef = 3B0C522F21DF2F1B00A758F3 /* AppDelegate.swift */; };
		3B0C523221DF2F1B00A758F3 /* ViewController.swift in Sources */ = {isa = PBXBuildFile; fileRef = 3B0C523121DF2F1B00A758F3 /* ViewController.swift */; };
		3B0C523521DF2F1B00A758F3 /* Main.storyboard in Resources */ = {isa = PBXBuildFile; fileRef = 3B0C523321DF2F1B00A758F3 /* Main.storyboard */; };
		3B0C523A21DF2F1B00A758F3 /* Assets.xcassets in Resources */ = {isa = PBXBuildFile; fileRef = 3B0C523921DF2F1B00A758F3 /* Assets.xcassets */; };
		3B0C523D21DF2F1B00A758F3 /* LaunchScreen.storyboard in Resources */ = {isa = PBXBuildFile; fileRef = 3B0C523B21DF2F1B00A758F3 /* LaunchScreen.storyboard */; };
		3BA8D7EA21E8630800353DB2 /* images.atlas in Resources */ = {isa = PBXBuildFile; fileRef = 3BA8D7E921E8630800353DB2 /* images.atlas */; };
		3BA8D7EC21E8A2B200353DB2 /* GameOverScene.swift in Sources */ = {isa = PBXBuildFile; fileRef = 3BA8D7EB21E8A2B200353DB2 /* GameOverScene.swift */; };
		C49A6227298D4D5B0031F8D5 /* GameScene.swift in Sources */ = {isa = PBXBuildFile; fileRef = C49A6226298D4D5A0031F8D5 /* GameScene.swift */; };
/* End PBXBuildFile section */

/* Begin PBXFileReference section */
		3B0C522C21DF2F1B00A758F3 /* lblbc.app */ = {isa = PBXFileReference; explicitFileType = wrapper.application; includeInIndex = 0; path = lblbc.app; sourceTree = BUILT_PRODUCTS_DIR; };
		3B0C522F21DF2F1B00A758F3 /* AppDelegate.swift */ = {isa = PBXFileReference; lastKnownFileType = sourcecode.swift; path = AppDelegate.swift; sourceTree = "<group>"; };
		3B0C523121DF2F1B00A758F3 /* ViewController.swift */ = {isa = PBXFileReference; lastKnownFileType = sourcecode.swift; path = ViewController.swift; sourceTree = "<group>"; };
		3B0C523421DF2F1B00A758F3 /* Base */ = {isa = PBXFileReference; lastKnownFileType = file.storyboard; name = Base; path = Base.lproj/Main.storyboard; sourceTree = "<group>"; };
		3B0C523921DF2F1B00A758F3 /* Assets.xcassets */ = {isa = PBXFileReference; lastKnownFileType = folder.assetcatalog; path = Assets.xcassets; sourceTree = "<group>"; };
		3B0C523C21DF2F1B00A758F3 /* Base */ = {isa = PBXFileReference; lastKnownFileType = file.storyboard; name = Base; path = Base.lproj/LaunchScreen.storyboard; sourceTree = "<group>"; };
		3B0C523E21DF2F1B00A758F3 /* Info.plist */ = {isa = PBXFileReference; lastKnownFileType = text.plist.xml; path = Info.plist; sourceTree = "<group>"; };
		3BA8D7E921E8630800353DB2 /* images.atlas */ = {isa = PBXFileReference; lastKnownFileType = folder.skatlas; path = images.atlas; sourceTree = "<group>"; };
		3BA8D7EB21E8A2B200353DB2 /* GameOverScene.swift */ = {isa = PBXFileReference; lastKnownFileType = sourcecode.swift; path = GameOverScene.swift; sourceTree = "<group>"; };
		C49A6226298D4D5A0031F8D5 /* GameScene.swift */ = {isa = PBXFileReference; lastKnownFileType = sourcecode.swift; path = GameScene.swift; sourceTree = "<group>"; };
/* End PBXFileReference section */

/* Begin PBXFrameworksBuildPhase section */
		3B0C522921DF2F1B00A758F3 /* Frameworks */ = {
			isa = PBXFrameworksBuildPhase;
			buildActionMask = 2147483647;
			files = (
			);
			runOnlyForDeploymentPostprocessing = 0;
		};
/* End PBXFrameworksBuildPhase section */

/* Begin PBXGroup section */
		3B0C522321DF2F1B00A758F3 = {
			isa = PBXGroup;
			children = (
				3B0C522E21DF2F1B00A758F3 /* lblbc */,
				3B0C522D21DF2F1B00A758F3 /* Products */,
			);
			sourceTree = "<group>";
		};
		3B0C522D21DF2F1B00A758F3 /* Products */ = {
			isa = PBXGroup;
			children = (
				3B0C522C21DF2F1B00A758F3 /* lblbc.app */,
			);
			name = Products;
			sourceTree = "<group>";
		};
		3B0C522E21DF2F1B00A758F3 /* lblbc */ = {
			isa = PBXGroup;
			children = (
				C49A6226298D4D5A0031F8D5 /* GameScene.swift */,
				3BA8D7EB21E8A2B200353DB2 /* GameOverScene.swift */,
				3B0C522F21DF2F1B00A758F3 /* AppDelegate.swift */,
				3B0C523121DF2F1B00A758F3 /* ViewController.swift */,
				3B0C523321DF2F1B00A758F3 /* Main.storyboard */,
				3B0C523921DF2F1B00A758F3 /* Assets.xcassets */,
				3B0C523B21DF2F1B00A758F3 /* LaunchScreen.storyboard */,
				3B0C523E21DF2F1B00A758F3 /* Info.plist */,
				3BA8D7E921E8630800353DB2 /* images.atlas */,
			);
			path = lblbc;
			sourceTree = "<group>";
		};
/* End PBXGroup section */

/* Begin PBXNativeTarget section */
		3B0C522B21DF2F1B00A758F3 /* lblbc */ = {
			isa = PBXNativeTarget;
			buildConfigurationList = 3B0C524121DF2F1B00A758F3 /* Build configuration list for PBXNativeTarget "lblbc" */;
			buildPhases = (
				3B0C522821DF2F1B00A758F3 /* Sources */,
				3B0C522921DF2F1B00A758F3 /* Frameworks */,
				3B0C522A21DF2F1B00A758F3 /* Resources */,
			);
			buildRules = (
			);
			dependencies = (
			);
			name = lblbc;
			productName = GameSon;
			productReference = 3B0C522C21DF2F1B00A758F3 /* lblbc.app */;
			productType = "com.apple.product-type.application";
		};
/* End PBXNativeTarget section */

/* Begin PBXProject section */
		3B0C522421DF2F1B00A758F3 /* Project object */ = {
			isa = PBXProject;
			attributes = {
				LastSwiftUpdateCheck = 0930;
				LastUpgradeCheck = 0930;
				ORGANIZATIONNAME = jierong3d;
				TargetAttributes = {
					3B0C522B21DF2F1B00A758F3 = {
						CreatedOnToolsVersion = 9.3;
					};
				};
			};
			buildConfigurationList = 3B0C522721DF2F1B00A758F3 /* Build configuration list for PBXProject "lblbc" */;
			compatibilityVersion = "Xcode 9.3";
			developmentRegion = en;
			hasScannedForEncodings = 0;
			knownRegions = (
				en,
				Base,
			);
			mainGroup = 3B0C522321DF2F1B00A758F3;
			productRefGroup = 3B0C522D21DF2F1B00A758F3 /* Products */;
			projectDirPath = "";
			projectRoot = "";
			targets = (
				3B0C522B21DF2F1B00A758F3 /* lblbc */,
			);
		};
/* End PBXProject section */

/* Begin PBXResourcesBuildPhase section */
		3B0C522A21DF2F1B00A758F3 /* Resources */ = {
			isa = PBXResourcesBuildPhase;
			buildActionMask = 2147483647;
			files = (
				3BA8D7EA21E8630800353DB2 /* images.atlas in Resources */,
				3B0C523D21DF2F1B00A758F3 /* LaunchScreen.storyboard in Resources */,
				3B0C523A21DF2F1B00A758F3 /* Assets.xcassets in Resources */,
				3B0C523521DF2F1B00A758F3 /* Main.storyboard in Resources */,
			);
			runOnlyForDeploymentPostprocessing = 0;
		};
/* End PBXResourcesBuildPhase section */

/* Begin PBXSourcesBuildPhase section */
		3B0C522821DF2F1B00A758F3 /* Sources */ = {
			isa = PBXSourcesBuildPhase;
			buildActionMask = 2147483647;
			files = (
				C49A6227298D4D5B0031F8D5 /* GameScene.swift in Sources */,
				3B0C523221DF2F1B00A758F3 /* ViewController.swift in Sources */,
				3BA8D7EC21E8A2B200353DB2 /* GameOverScene.swift in Sources */,
				3B0C523021DF2F1B00A758F3 /* AppDelegate.swift in Sources */,
			);
			runOnlyForDeploymentPostprocessing = 0;
		};
/* End PBXSourcesBuildPhase section */

/* Begin PBXVariantGroup section */
		3B0C523321DF2F1B00A758F3 /* Main.storyboard */ = {
			isa = PBXVariantGroup;
			children = (
				3B0C523421DF2F1B00A758F3 /* Base */,
			);
			name = Main.storyboard;
			sourceTree = "<group>";
		};
		3B0C523B21DF2F1B00A758F3 /* LaunchScreen.storyboard */ = {
			isa = PBXVariantGroup;
			children = (
				3B0C523C21DF2F1B00A758F3 /* Base */,
			);
			name = LaunchScreen.storyboard;
			sourceTree = "<group>";
		};
/* End PBXVariantGroup section */

/* Begin XCBuildConfiguration section */
		3B0C523F21DF2F1B00A758F3 /* Debug */ = {
			isa = XCBuildConfiguration;
			buildSettings = {
				ALWAYS_SEARCH_USER_PATHS = NO;
				CLANG_ANALYZER_NONNULL = YES;
				CLANG_ANALYZER_NUMBER_OBJECT_CONVERSION = YES_AGGRESSIVE;
				CLANG_CXX_LANGUAGE_STANDARD = "gnu++14";
				CLANG_CXX_LIBRARY = "libc++";
				CLANG_ENABLE_MODULES = YES;
				CLANG_ENABLE_OBJC_ARC = YES;
				CLANG_ENABLE_OBJC_WEAK = YES;
				CLANG_WARN_BLOCK_CAPTURE_AUTORELEASING = YES;
				CLANG_WARN_BOOL_CONVERSION = YES;
				CLANG_WARN_COMMA = YES;
				CLANG_WARN_CONSTANT_CONVERSION = YES;
				CLANG_WARN_DEPRECATED_OBJC_IMPLEMENTATIONS = YES;
				CLANG_WARN_DIRECT_OBJC_ISA_USAGE = YES_ERROR;
				CLANG_WARN_DOCUMENTATION_COMMENTS = YES;
				CLANG_WARN_EMPTY_BODY = YES;
				CLANG_WARN_ENUM_CONVERSION = YES;
				CLANG_WARN_INFINITE_RECURSION = YES;
				CLANG_WARN_INT_CONVERSION = YES;
				CLANG_WARN_NON_LITERAL_NULL_CONVERSION = YES;
				CLANG_WARN_OBJC_IMPLICIT_RETAIN_SELF = YES;
				CLANG_WARN_OBJC_LITERAL_CONVERSION = YES;
				CLANG_WARN_OBJC_ROOT_CLASS = YES_ERROR;
				CLANG_WARN_RANGE_LOOP_ANALYSIS = YES;
				CLANG_WARN_STRICT_PROTOTYPES = YES;
				CLANG_WARN_SUSPICIOUS_MOVE = YES;
				CLANG_WARN_UNGUARDED_AVAILABILITY = YES_AGGRESSIVE;
				CLANG_WARN_UNREACHABLE_CODE = YES;
				CLANG_WARN__DUPLICATE_METHOD_MATCH = YES;
				CODE_SIGN_IDENTITY = "iPhone Developer";
				COPY_PHASE_STRIP = NO;
				DEBUG_INFORMATION_FORMAT = dwarf;
				ENABLE_STRICT_OBJC_MSGSEND = YES;
				ENABLE_TESTABILITY = YES;
				GCC_C_LANGUAGE_STANDARD = gnu11;
				GCC_DYNAMIC_NO_PIC = NO;
				GCC_NO_COMMON_BLOCKS = YES;
				GCC_OPTIMIZATION_LEVEL = 0;
				GCC_PREPROCESSOR_DEFINITIONS = (
					"DEBUG=1",
					"$(inherited)",
				);
				GCC_WARN_64_TO_32_BIT_CONVERSION = YES;
				GCC_WARN_ABOUT_RETURN_TYPE = YES_ERROR;
				GCC_WARN_UNDECLARED_SELECTOR = YES;
				GCC_WARN_UNINITIALIZED_AUTOS = YES_AGGRESSIVE;
				GCC_WARN_UNUSED_FUNCTION = YES;
				GCC_WARN_UNUSED_VARIABLE = YES;
				IPHONEOS_DEPLOYMENT_TARGET = 11.3;
				MTL_ENABLE_DEBUG_INFO = YES;
				ONLY_ACTIVE_ARCH = YES;
				SDKROOT = iphoneos;
				SWIFT_ACTIVE_COMPILATION_CONDITIONS = DEBUG;
				SWIFT_OPTIMIZATION_LEVEL = "-Onone";
			};
			name = Debug;
		};
		3B0C524021DF2F1B00A758F3 /* Release */ = {
			isa = XCBuildConfiguration;
			buildSettings = {
				ALWAYS_SEARCH_USER_PATHS = NO;
				CLANG_ANALYZER_NONNULL = YES;
				CLANG_ANALYZER_NUMBER_OBJECT_CONVERSION = YES_AGGRESSIVE;
				CLANG_CXX_LANGUAGE_STANDARD = "gnu++14";
				CLANG_CXX_LIBRARY = "libc++";
				CLANG_ENABLE_MODULES = YES;
				CLANG_ENABLE_OBJC_ARC = YES;
				CLANG_ENABLE_OBJC_WEAK = YES;
				CLANG_WARN_BLOCK_CAPTURE_AUTORELEASING = YES;
				CLANG_WARN_BOOL_CONVERSION = YES;
				CLANG_WARN_COMMA = YES;
				CLANG_WARN_CONSTANT_CONVERSION = YES;
				CLANG_WARN_DEPRECATED_OBJC_IMPLEMENTATIONS = YES;
				CLANG_WARN_DIRECT_OBJC_ISA_USAGE = YES_ERROR;
				CLANG_WARN_DOCUMENTATION_COMMENTS = YES;
				CLANG_WARN_EMPTY_BODY = YES;
				CLANG_WARN_ENUM_CONVERSION = YES;
				CLANG_WARN_INFINITE_RECURSION = YES;
				CLANG_WARN_INT_CONVERSION = YES;
				CLANG_WARN_NON_LITERAL_NULL_CONVERSION = YES;
				CLANG_WARN_OBJC_IMPLICIT_RETAIN_SELF = YES;
				CLANG_WARN_OBJC_LITERAL_CONVERSION = YES;
				CLANG_WARN_OBJC_ROOT_CLASS = YES_ERROR;
				CLANG_WARN_RANGE_LOOP_ANALYSIS = YES;
				CLANG_WARN_STRICT_PROTOTYPES = YES;
				CLANG_WARN_SUSPICIOUS_MOVE = YES;
				CLANG_WARN_UNGUARDED_AVAILABILITY = YES_AGGRESSIVE;
				CLANG_WARN_UNREACHABLE_CODE = YES;
				CLANG_WARN__DUPLICATE_METHOD_MATCH = YES;
				CODE_SIGN_IDENTITY = "iPhone Developer";
				COPY_PHASE_STRIP = NO;
				DEBUG_INFORMATION_FORMAT = "dwarf-with-dsym";
				ENABLE_NS_ASSERTIONS = NO;
				ENABLE_STRICT_OBJC_MSGSEND = YES;
				GCC_C_LANGUAGE_STANDARD = gnu11;
				GCC_NO_COMMON_BLOCKS = YES;
				GCC_WARN_64_TO_32_BIT_CONVERSION = YES;
				GCC_WARN_ABOUT_RETURN_TYPE = YES_ERROR;
				GCC_WARN_UNDECLARED_SELECTOR = YES;
				GCC_WARN_UNINITIALIZED_AUTOS = YES_AGGRESSIVE;
				GCC_WARN_UNUSED_FUNCTION = YES;
				GCC_WARN_UNUSED_VARIABLE = YES;
				IPHONEOS_DEPLOYMENT_TARGET = 11.3;
				MTL_ENABLE_DEBUG_INFO = NO;
				SDKROOT = iphoneos;
				SWIFT_COMPILATION_MODE = wholemodule;
				SWIFT_OPTIMIZATION_LEVEL = "-O";
				VALIDATE_PRODUCT = YES;
			};
			name = Release;
		};
		3B0C524221DF2F1B00A758F3 /* Debug */ = {
			isa = XCBuildConfiguration;
			buildSettings = {
				ASSETCATALOG_COMPILER_APPICON_NAME = AppIcon;
				CODE_SIGN_STYLE = Automatic;
				DEVELOPMENT_TEAM = Q5TGNAP93C;
				INFOPLIST_FILE = lblbc/Info.plist;
				LD_RUNPATH_SEARCH_PATHS = (
					"$(inherited)",
					"@executable_path/Frameworks",
				);
				PRODUCT_BUNDLE_IDENTIFIER = cn.lblbc;
				PRODUCT_NAME = "$(TARGET_NAME)";
				SWIFT_VERSION = 4.0;
				TARGETED_DEVICE_FAMILY = "1,2";
			};
			name = Debug;
		};
		3B0C524321DF2F1B00A758F3 /* Release */ = {
			isa = XCBuildConfiguration;
			buildSettings = {
				ASSETCATALOG_COMPILER_APPICON_NAME = AppIcon;
				CODE_SIGN_STYLE = Automatic;
				DEVELOPMENT_TEAM = Q5TGNAP93C;
				INFOPLIST_FILE = lblbc/Info.plist;
				LD_RUNPATH_SEARCH_PATHS = (
					"$(inherited)",
					"@executable_path/Frameworks",
				);
				PRODUCT_BUNDLE_IDENTIFIER = cn.lblbc;
				PRODUCT_NAME = "$(TARGET_NAME)";
				SWIFT_VERSION = 4.0;
				TARGETED_DEVICE_FAMILY = "1,2";
			};
			name = Release;
		};
/* End XCBuildConfiguration section */

/* Begin XCConfigurationList section */
		3B0C522721DF2F1B00A758F3 /* Build configuration list for PBXProject "lblbc" */ = {
			isa = XCConfigurationList;
			buildConfigurations = (
				3B0C523F21DF2F1B00A758F3 /* Debug */,
				3B0C524021DF2F1B00A758F3 /* Release */,
			);
			defaultConfigurationIsVisible = 0;
			defaultConfigurationName = Release;
		};
		3B0C524121DF2F1B00A758F3 /* Build configuration list for PBXNativeTarget "lblbc" */ = {
			isa = XCConfigurationList;
			buildConfigurations = (
				3B0C524221DF2F1B00A758F3 /* Debug */,
				3B0C524321DF2F1B00A758F3 /* Release */,
			);
			defaultConfigurationIsVisible = 0;
			defaultConfigurationName = Release;
		};
/* End XCConfigurationList section */
	};
	rootObject = 3B0C522421DF2F1B00A758F3 /* Project object */;
}
